
Microsoft Visual Studio Solution File, Format Version 12.00
# Visual Studio Version 17
VisualStudioVersion = 17.7.34024.191
MinimumVisualStudioVersion = 10.0.40219.1
Project("{FAE04EC0-301F-11D3-BF4B-00C04F79EFBC}") = "ReversedLinkedList2", "ReversedLinkedList2\ReversedLinkedList2.csproj", "{EE6E734E-7F45-43E2-901D-ABBCC3C3F8D9}"
EndProject
Global
	GlobalSection(SolutionConfigurationPlatforms) = preSolution
		Debug|Any CPU = Debug|Any CPU
		Release|Any CPU = Release|Any CPU
	EndGlobalSection
	GlobalSection(ProjectConfigurationPlatforms) = postSolution
		{EE6E734E-7F45-43E2-901D-ABBCC3C3F8D9}.Debug|Any CPU.ActiveCfg = Debug|Any CPU
		{EE6E734E-7F45-43E2-901D-ABBCC3C3F8D9}.Debug|Any CPU.Build.0 = Debug|Any CPU
		{EE6E734E-7F45-43E2-901D-ABBCC3C3F8D9}.Release|Any CPU.ActiveCfg = Release|Any CPU
		{EE6E734E-7F45-43E2-901D-ABBCC3C3F8D9}.Release|Any CPU.Build.0 = Release|Any CPU
	EndGlobalSection
	GlobalSection(SolutionProperties) = preSolution
		HideSolutionNode = FALSE
	EndGlobalSection
	GlobalSection(ExtensibilityGlobals) = postSolution
		SolutionGuid = {2FAE8153-CB5C-4656-B206-5EA5733F3470}
	EndGlobalSection
EndGlobal
